
Microsoft Visual Studio Solution File, Format Version 12.00
# Visual Studio 15
VisualStudioVersion = 15.0.28307.902
MinimumVisualStudioVersion = 10.0.40219.1
Project("{9A19103F-16F7-4668-BE54-9A1E7A4F7556}") = "FishClubWebsite", "FishClubWebsite\FishClubWebsite.csproj", "{3F8C6AAA-FF93-438E-8E6D-3AE575CA038E}"
EndProject
Project("{FAE04EC0-301F-11D3-BF4B-00C04F79EFBC}") = "FishClubWebsite.Tests", "FishClubWebsite.Tests\FishClubWebsite.Tests.csproj", "{914FEDA4-A2A0-4218-AD33-CF1CD7543F15}"
EndProject
Global
	GlobalSection(SolutionConfigurationPlatforms) = preSolution
		Debug|Any CPU = Debug|Any CPU
		Release|Any CPU = Release|Any CPU
	EndGlobalSection
	GlobalSection(ProjectConfigurationPlatforms) = postSolution
		{3F8C6AAA-FF93-438E-8E6D-3AE575CA038E}.Debug|Any CPU.ActiveCfg = Debug|Any CPU
		{3F8C6AAA-FF93-438E-8E6D-3AE575CA038E}.Debug|Any CPU.Build.0 = Debug|Any CPU
		{3F8C6AAA-FF93-438E-8E6D-3AE575CA038E}.Release|Any CPU.ActiveCfg = Release|Any CPU
		{3F8C6AAA-FF93-438E-8E6D-3AE575CA038E}.Release|Any CPU.Build.0 = Release|Any CPU
		{914FEDA4-A2A0-4218-AD33-CF1CD7543F15}.Debug|Any CPU.ActiveCfg = Debug|Any CPU
		{914FEDA4-A2A0-4218-AD33-CF1CD7543F15}.Debug|Any CPU.Build.0 = Debug|Any CPU
		{914FEDA4-A2A0-4218-AD33-CF1CD7543F15}.Release|Any CPU.ActiveCfg = Release|Any CPU
		{914FEDA4-A2A0-4218-AD33-CF1CD7543F15}.Release|Any CPU.Build.0 = Release|Any CPU
	EndGlobalSection
	GlobalSection(SolutionProperties) = preSolution
		HideSolutionNode = FALSE
	EndGlobalSection
	GlobalSection(ExtensibilityGlobals) = postSolution
		SolutionGuid = {76914802-D8F8-459A-B0A7-8EE8D6F2D278}
	EndGlobalSection
EndGlobal
